// !$*UTF8*$!
{
	archiveVersion = 1;
	classes = {
	};
	objectVersion = 50;
	objects = {

/* Begin PBXBuildFile section */
		0E40CD0C14D7BB41FD7830CA /* Pods_iosUITests.framework in Frameworks */ = {isa = PBXBuildFile; fileRef = 9CCE55D4FD6F6C2AF3FEDF63 /* Pods_iosUITests.framework */; };
		26002D672248EA5F00D0C862 /* AppDelegate.swift in Sources */ = {isa = PBXBuildFile; fileRef = 26002D662248EA5F00D0C862 /* AppDelegate.swift */; };
		26002D692248EA5F00D0C862 /* ViewController.swift in Sources */ = {isa = PBXBuildFile; fileRef = 26002D682248EA5F00D0C862 /* ViewController.swift */; };
		26002D6C2248EA5F00D0C862 /* Main.storyboard in Resources */ = {isa = PBXBuildFile; fileRef = 26002D6A2248EA5F00D0C862 /* Main.storyboard */; };
		26002D6E2248EA6200D0C862 /* Assets.xcassets in Resources */ = {isa = PBXBuildFile; fileRef = 26002D6D2248EA6200D0C862 /* Assets.xcassets */; };
		26002D712248EA6200D0C862 /* LaunchScreen.storyboard in Resources */ = {isa = PBXBuildFile; fileRef = 26002D6F2248EA6200D0C862 /* LaunchScreen.storyboard */; };
		26002D7C2248EA6200D0C862 /* iosTests.swift in Sources */ = {isa = PBXBuildFile; fileRef = 26002D7B2248EA6200D0C862 /* iosTests.swift */; };
		26002D872248EA6200D0C862 /* iosUITests.swift in Sources */ = {isa = PBXBuildFile; fileRef = 26002D862248EA6200D0C862 /* iosUITests.swift */; };
		315218F221F69523ACC6F32C /* Pods_ios.framework in Frameworks */ = {isa = PBXBuildFile; fileRef = A7346941726B56074745C3F1 /* Pods_ios.framework */; };
		BDB485233FD861889EA4C516 /* Pods_iosTests.framework in Frameworks */ = {isa = PBXBuildFile; fileRef = DB12DE5A28BD8F377916CC9F /* Pods_iosTests.framework */; };
/* End PBXBuildFile section */

/* Begin PBXContainerItemProxy section */
		26002D782248EA6200D0C862 /* PBXContainerItemProxy */ = {
			isa = PBXContainerItemProxy;
			containerPortal = 26002D5B2248EA5F00D0C862 /* Project object */;
			proxyType = 1;
			remoteGlobalIDString = 26002D622248EA5F00D0C862;
			remoteInfo = ios;
		};
		26002D832248EA6200D0C862 /* PBXContainerItemProxy */ = {
			isa = PBXContainerItemProxy;
			containerPortal = 26002D5B2248EA5F00D0C862 /* Project object */;
			proxyType = 1;
			remoteGlobalIDString = 26002D622248EA5F00D0C862;
			remoteInfo = ios;
		};
/* End PBXContainerItemProxy section */

/* Begin PBXFileReference section */
		0FE6B03D9B994F8219034946 /* Pods-iosTests.release.xcconfig */ = {isa = PBXFileReference; includeInIndex = 1; lastKnownFileType = text.xcconfig; name = "Pods-iosTests.release.xcconfig"; path = "Pods/Target Support Files/Pods-iosTests/Pods-iosTests.release.xcconfig"; sourceTree = "<group>"; };
		1E40891CD86CCC8839112F67 /* Pods-ios.release.xcconfig */ = {isa = PBXFileReference; includeInIndex = 1; lastKnownFileType = text.xcconfig; name = "Pods-ios.release.xcconfig"; path = "Pods/Target Support Files/Pods-ios/Pods-ios.release.xcconfig"; sourceTree = "<group>"; };
		26002D632248EA5F00D0C862 /* ios.app */ = {isa = PBXFileReference; explicitFileType = wrapper.application; includeInIndex = 0; path = ios.app; sourceTree = BUILT_PRODUCTS_DIR; };
		26002D662248EA5F00D0C862 /* AppDelegate.swift */ = {isa = PBXFileReference; lastKnownFileType = sourcecode.swift; path = AppDelegate.swift; sourceTree = "<group>"; };
		26002D682248EA5F00D0C862 /* ViewController.swift */ = {isa = PBXFileReference; lastKnownFileType = sourcecode.swift; path = ViewController.swift; sourceTree = "<group>"; };
		26002D6B2248EA5F00D0C862 /* Base */ = {isa = PBXFileReference; lastKnownFileType = file.storyboard; name = Base; path = Base.lproj/Main.storyboard; sourceTree = "<group>"; };
		26002D6D2248EA6200D0C862 /* Assets.xcassets */ = {isa = PBXFileReference; lastKnownFileType = folder.assetcatalog; path = Assets.xcassets; sourceTree = "<group>"; };
		26002D702248EA6200D0C862 /* Base */ = {isa = PBXFileReference; lastKnownFileType = file.storyboard; name = Base; path = Base.lproj/LaunchScreen.storyboard; sourceTree = "<group>"; };
		26002D722248EA6200D0C862 /* Info.plist */ = {isa = PBXFileReference; lastKnownFileType = text.plist.xml; path = Info.plist; sourceTree = "<group>"; };
		26002D772248EA6200D0C862 /* iosTests.xctest */ = {isa = PBXFileReference; explicitFileType = wrapper.cfbundle; includeInIndex = 0; path = iosTests.xctest; sourceTree = BUILT_PRODUCTS_DIR; };
		26002D7B2248EA6200D0C862 /* iosTests.swift */ = {isa = PBXFileReference; lastKnownFileType = sourcecode.swift; path = iosTests.swift; sourceTree = "<group>"; };
		26002D7D2248EA6200D0C862 /* Info.plist */ = {isa = PBXFileReference; lastKnownFileType = text.plist.xml; path = Info.plist; sourceTree = "<group>"; };
		26002D822248EA6200D0C862 /* iosUITests.xctest */ = {isa = PBXFileReference; explicitFileType = wrapper.cfbundle; includeInIndex = 0; path = iosUITests.xctest; sourceTree = BUILT_PRODUCTS_DIR; };
		26002D862248EA6200D0C862 /* iosUITests.swift */ = {isa = PBXFileReference; lastKnownFileType = sourcecode.swift; path = iosUITests.swift; sourceTree = "<group>"; };
		26002D882248EA6200D0C862 /* Info.plist */ = {isa = PBXFileReference; lastKnownFileType = text.plist.xml; path = Info.plist; sourceTree = "<group>"; };
		80B3632A6142BE6FB7C95423 /* Pods-iosUITests.debug.xcconfig */ = {isa = PBXFileReference; includeInIndex = 1; lastKnownFileType = text.xcconfig; name = "Pods-iosUITests.debug.xcconfig"; path = "Pods/Target Support Files/Pods-iosUITests/Pods-iosUITests.debug.xcconfig"; sourceTree = "<group>"; };
		9CCE55D4FD6F6C2AF3FEDF63 /* Pods_iosUITests.framework */ = {isa = PBXFileReference; explicitFileType = wrapper.framework; includeInIndex = 0; path = Pods_iosUITests.framework; sourceTree = BUILT_PRODUCTS_DIR; };
		A7346941726B56074745C3F1 /* Pods_ios.framework */ = {isa = PBXFileReference; explicitFileType = wrapper.framework; includeInIndex = 0; path = Pods_ios.framework; sourceTree = BUILT_PRODUCTS_DIR; };
		BE4CAB4093B7F01F29B668B2 /* Pods-iosTests.debug.xcconfig */ = {isa = PBXFileReference; includeInIndex = 1; lastKnownFileType = text.xcconfig; name = "Pods-iosTests.debug.xcconfig"; path = "Pods/Target Support Files/Pods-iosTests/Pods-iosTests.debug.xcconfig"; sourceTree = "<group>"; };
		DB12DE5A28BD8F377916CC9F /* Pods_iosTests.framework */ = {isa = PBXFileReference; explicitFileType = wrapper.framework; includeInIndex = 0; path = Pods_iosTests.framework; sourceTree = BUILT_PRODUCTS_DIR; };
		EEF180D1DDCA719E74484945 /* Pods-iosUITests.release.xcconfig */ = {isa = PBXFileReference; includeInIndex = 1; lastKnownFileType = text.xcconfig; name = "Pods-iosUITests.release.xcconfig"; path = "Pods/Target Support Files/Pods-iosUITests/Pods-iosUITests.release.xcconfig"; sourceTree = "<group>"; };
		EF153F934A1C7DADCBE7D894 /* Pods-ios.debug.xcconfig */ = {isa = PBXFileReference; includeInIndex = 1; lastKnownFileType = text.xcconfig; name = "Pods-ios.debug.xcconfig"; path = "Pods/Target Support Files/Pods-ios/Pods-ios.debug.xcconfig"; sourceTree = "<group>"; };
/* End PBXFileReference section */

/* Begin PBXFrameworksBuildPhase section */
		26002D602248EA5F00D0C862 /* Frameworks */ = {
			isa = PBXFrameworksBuildPhase;
			buildActionMask = 2147483647;
			files = (
				315218F221F69523ACC6F32C /* Pods_ios.framework in Frameworks */,
			);
			runOnlyForDeploymentPostprocessing = 0;
		};
		26002D742248EA6200D0C862 /* Frameworks */ = {
			isa = PBXFrameworksBuildPhase;
			buildActionMask = 2147483647;
			files = (
				BDB485233FD861889EA4C516 /* Pods_iosTests.framework in Frameworks */,
			);
			runOnlyForDeploymentPostprocessing = 0;
		};
		26002D7F2248EA6200D0C862 /* Frameworks */ = {
			isa = PBXFrameworksBuildPhase;
			buildActionMask = 2147483647;
			files = (
				0E40CD0C14D7BB41FD7830CA /* Pods_iosUITests.framework in Frameworks */,
			);
			runOnlyForDeploymentPostprocessing = 0;
		};
/* End PBXFrameworksBuildPhase section */

/* Begin PBXGroup section */
		0669404B1E787EAA1713815B /* Pods */ = {
			isa = PBXGroup;
			children = (
				EF153F934A1C7DADCBE7D894 /* Pods-ios.debug.xcconfig */,
				1E40891CD86CCC8839112F67 /* Pods-ios.release.xcconfig */,
				BE4CAB4093B7F01F29B668B2 /* Pods-iosTests.debug.xcconfig */,
				0FE6B03D9B994F8219034946 /* Pods-iosTests.release.xcconfig */,
				80B3632A6142BE6FB7C95423 /* Pods-iosUITests.debug.xcconfig */,
				EEF180D1DDCA719E74484945 /* Pods-iosUITests.release.xcconfig */,
			);
			name = Pods;
			sourceTree = "<group>";
		};
		26002D5A2248EA5F00D0C862 = {
			isa = PBXGroup;
			children = (
				26002D652248EA5F00D0C862 /* ios */,
				26002D7A2248EA6200D0C862 /* iosTests */,
				26002D852248EA6200D0C862 /* iosUITests */,
				26002D642248EA5F00D0C862 /* Products */,
				0669404B1E787EAA1713815B /* Pods */,
				97F1486FFDE07DFA50EA732E /* Frameworks */,
			);
			sourceTree = "<group>";
		};
		26002D642248EA5F00D0C862 /* Products */ = {
			isa = PBXGroup;
			children = (
				26002D632248EA5F00D0C862 /* ios.app */,
				26002D772248EA6200D0C862 /* iosTests.xctest */,
				26002D822248EA6200D0C862 /* iosUITests.xctest */,
			);
			name = Products;
			sourceTree = "<group>";
		};
		26002D652248EA5F00D0C862 /* ios */ = {
			isa = PBXGroup;
			children = (
				26002D662248EA5F00D0C862 /* AppDelegate.swift */,
				26002D682248EA5F00D0C862 /* ViewController.swift */,
				26002D6A2248EA5F00D0C862 /* Main.storyboard */,
				26002D6D2248EA6200D0C862 /* Assets.xcassets */,
				26002D6F2248EA6200D0C862 /* LaunchScreen.storyboard */,
				26002D722248EA6200D0C862 /* Info.plist */,
			);
			path = ios;
			sourceTree = "<group>";
		};
		26002D7A2248EA6200D0C862 /* iosTests */ = {
			isa = PBXGroup;
			children = (
				26002D7B2248EA6200D0C862 /* iosTests.swift */,
				26002D7D2248EA6200D0C862 /* Info.plist */,
			);
			path = iosTests;
			sourceTree = "<group>";
		};
		26002D852248EA6200D0C862 /* iosUITests */ = {
			isa = PBXGroup;
			children = (
				26002D862248EA6200D0C862 /* iosUITests.swift */,
				26002D882248EA6200D0C862 /* Info.plist */,
			);
			path = iosUITests;
			sourceTree = "<group>";
		};
		97F1486FFDE07DFA50EA732E /* Frameworks */ = {
			isa = PBXGroup;
			children = (
				A7346941726B56074745C3F1 /* Pods_ios.framework */,
				DB12DE5A28BD8F377916CC9F /* Pods_iosTests.framework */,
				9CCE55D4FD6F6C2AF3FEDF63 /* Pods_iosUITests.framework */,
			);
			name = Frameworks;
			sourceTree = "<group>";
		};
/* End PBXGroup section */

/* Begin PBXNativeTarget section */
		26002D622248EA5F00D0C862 /* ios */ = {
			isa = PBXNativeTarget;
			buildConfigurationList = 26002D8B2248EA6200D0C862 /* Build configuration list for PBXNativeTarget "ios" */;
			buildPhases = (
				669B937094A4D33624E49936 /* [CP] Check Pods Manifest.lock */,
				26002D5F2248EA5F00D0C862 /* Sources */,
				26002D602248EA5F00D0C862 /* Frameworks */,
				26002D612248EA5F00D0C862 /* Resources */,
				E66B07C8A3C69ADF6B35D0A7 /* [CP] Embed Pods Frameworks */,
			);
			buildRules = (
			);
			dependencies = (
			);
			name = ios;
			productName = ios;
			productReference = 26002D632248EA5F00D0C862 /* ios.app */;
			productType = "com.apple.product-type.application";
		};
		26002D762248EA6200D0C862 /* iosTests */ = {
			isa = PBXNativeTarget;
			buildConfigurationList = 26002D8E2248EA6200D0C862 /* Build configuration list for PBXNativeTarget "iosTests" */;
			buildPhases = (
				0120106CAA3E1AE49599BEC3 /* [CP] Check Pods Manifest.lock */,
				26002D732248EA6200D0C862 /* Sources */,
				26002D742248EA6200D0C862 /* Frameworks */,
				26002D752248EA6200D0C862 /* Resources */,
			);
			buildRules = (
			);
			dependencies = (
				26002D792248EA6200D0C862 /* PBXTargetDependency */,
			);
			name = iosTests;
			productName = iosTests;
			productReference = 26002D772248EA6200D0C862 /* iosTests.xctest */;
			productType = "com.apple.product-type.bundle.unit-test";
		};
		26002D812248EA6200D0C862 /* iosUITests */ = {
			isa = PBXNativeTarget;
			buildConfigurationList = 26002D912248EA6200D0C862 /* Build configuration list for PBXNativeTarget "iosUITests" */;
			buildPhases = (
				5F5444D314BBC6D367F8D430 /* [CP] Check Pods Manifest.lock */,
				26002D7E2248EA6200D0C862 /* Sources */,
				26002D7F2248EA6200D0C862 /* Frameworks */,
				26002D802248EA6200D0C862 /* Resources */,
			);
			buildRules = (
			);
			dependencies = (
				26002D842248EA6200D0C862 /* PBXTargetDependency */,
			);
			name = iosUITests;
			productName = iosUITests;
			productReference = 26002D822248EA6200D0C862 /* iosUITests.xctest */;
			productType = "com.apple.product-type.bundle.ui-testing";
		};
/* End PBXNativeTarget section */

/* Begin PBXProject section */
		26002D5B2248EA5F00D0C862 /* Project object */ = {
			isa = PBXProject;
			attributes = {
				LastSwiftUpdateCheck = 1010;
				LastUpgradeCheck = 1010;
				ORGANIZATIONNAME = codefin3;
				TargetAttributes = {
					26002D622248EA5F00D0C862 = {
						CreatedOnToolsVersion = 10.1;
					};
					26002D762248EA6200D0C862 = {
						CreatedOnToolsVersion = 10.1;
						TestTargetID = 26002D622248EA5F00D0C862;
					};
					26002D812248EA6200D0C862 = {
						CreatedOnToolsVersion = 10.1;
						TestTargetID = 26002D622248EA5F00D0C862;
					};
				};
			};
			buildConfigurationList = 26002D5E2248EA5F00D0C862 /* Build configuration list for PBXProject "ios" */;
			compatibilityVersion = "Xcode 9.3";
			developmentRegion = en;
			hasScannedForEncodings = 0;
			knownRegions = (
				en,
				Base,
			);
			mainGroup = 26002D5A2248EA5F00D0C862;
			productRefGroup = 26002D642248EA5F00D0C862 /* Products */;
			projectDirPath = "";
			projectRoot = "";
			targets = (
				26002D622248EA5F00D0C862 /* ios */,
				26002D762248EA6200D0C862 /* iosTests */,
				26002D812248EA6200D0C862 /* iosUITests */,
			);
		};
/* End PBXProject section */

/* Begin PBXResourcesBuildPhase section */
		26002D612248EA5F00D0C862 /* Resources */ = {
			isa = PBXResourcesBuildPhase;
			buildActionMask = 2147483647;
			files = (
				26002D712248EA6200D0C862 /* LaunchScreen.storyboard in Resources */,
				26002D6E2248EA6200D0C862 /* Assets.xcassets in Resources */,
				26002D6C2248EA5F00D0C862 /* Main.storyboard in Resources */,
			);
			runOnlyForDeploymentPostprocessing = 0;
		};
		26002D752248EA6200D0C862 /* Resources */ = {
			isa = PBXResourcesBuildPhase;
			buildActionMask = 2147483647;
			files = (
			);
			runOnlyForDeploymentPostprocessing = 0;
		};
		26002D802248EA6200D0C862 /* Resources */ = {
			isa = PBXResourcesBuildPhase;
			buildActionMask = 2147483647;
			files = (
			);
			runOnlyForDeploymentPostprocessing = 0;
		};
/* End PBXResourcesBuildPhase section */

/* Begin PBXShellScriptBuildPhase section */
		0120106CAA3E1AE49599BEC3 /* [CP] Check Pods Manifest.lock */ = {
			isa = PBXShellScriptBuildPhase;
			buildActionMask = 2147483647;
			files = (
			);
			inputPaths = (
				"${PODS_PODFILE_DIR_PATH}/Podfile.lock",
				"${PODS_ROOT}/Manifest.lock",
			);
			name = "[CP] Check Pods Manifest.lock";
			outputPaths = (
				"$(DERIVED_FILE_DIR)/Pods-iosTests-checkManifestLockResult.txt",
			);
			runOnlyForDeploymentPostprocessing = 0;
			shellPath = /bin/sh;
			shellScript = "diff \"${PODS_PODFILE_DIR_PATH}/Podfile.lock\" \"${PODS_ROOT}/Manifest.lock\" > /dev/null\nif [ $? != 0 ] ; then\n    # print error to STDERR\n    echo \"error: The sandbox is not in sync with the Podfile.lock. Run 'pod install' or update your CocoaPods installation.\" >&2\n    exit 1\nfi\n# This output is used by Xcode 'outputs' to avoid re-running this script phase.\necho \"SUCCESS\" > \"${SCRIPT_OUTPUT_FILE_0}\"\n";
			showEnvVarsInLog = 0;
		};
		5F5444D314BBC6D367F8D430 /* [CP] Check Pods Manifest.lock */ = {
			isa = PBXShellScriptBuildPhase;
			buildActionMask = 2147483647;
			files = (
			);
			inputPaths = (
				"${PODS_PODFILE_DIR_PATH}/Podfile.lock",
				"${PODS_ROOT}/Manifest.lock",
			);
			name = "[CP] Check Pods Manifest.lock";
			outputPaths = (
				"$(DERIVED_FILE_DIR)/Pods-iosUITests-checkManifestLockResult.txt",
			);
			runOnlyForDeploymentPostprocessing = 0;
			shellPath = /bin/sh;
			shellScript = "diff \"${PODS_PODFILE_DIR_PATH}/Podfile.lock\" \"${PODS_ROOT}/Manifest.lock\" > /dev/null\nif [ $? != 0 ] ; then\n    # print error to STDERR\n    echo \"error: The sandbox is not in sync with the Podfile.lock. Run 'pod install' or update your CocoaPods installation.\" >&2\n    exit 1\nfi\n# This output is used by Xcode 'outputs' to avoid re-running this script phase.\necho \"SUCCESS\" > \"${SCRIPT_OUTPUT_FILE_0}\"\n";
			showEnvVarsInLog = 0;
		};
		669B937094A4D33624E49936 /* [CP] Check Pods Manifest.lock */ = {
			isa = PBXShellScriptBuildPhase;
			buildActionMask = 2147483647;
			files = (
			);
			inputPaths = (
				"${PODS_PODFILE_DIR_PATH}/Podfile.lock",
				"${PODS_ROOT}/Manifest.lock",
			);
			name = "[CP] Check Pods Manifest.lock";
			outputPaths = (
				"$(DERIVED_FILE_DIR)/Pods-ios-checkManifestLockResult.txt",
			);
			runOnlyForDeploymentPostprocessing = 0;
			shellPath = /bin/sh;
			shellScript = "diff \"${PODS_PODFILE_DIR_PATH}/Podfile.lock\" \"${PODS_ROOT}/Manifest.lock\" > /dev/null\nif [ $? != 0 ] ; then\n    # print error to STDERR\n    echo \"error: The sandbox is not in sync with the Podfile.lock. Run 'pod install' or update your CocoaPods installation.\" >&2\n    exit 1\nfi\n# This output is used by Xcode 'outputs' to avoid re-running this script phase.\necho \"SUCCESS\" > \"${SCRIPT_OUTPUT_FILE_0}\"\n";
			showEnvVarsInLog = 0;
		};
		E66B07C8A3C69ADF6B35D0A7 /* [CP] Embed Pods Frameworks */ = {
			isa = PBXShellScriptBuildPhase;
			buildActionMask = 2147483647;
			files = (
			);
			inputPaths = (
				"${SRCROOT}/Pods/Target Support Files/Pods-ios/Pods-ios-frameworks.sh",
				"${BUILT_PRODUCTS_DIR}/DoubleConversion/DoubleConversion.framework",
				"${BUILT_PRODUCTS_DIR}/Folly/folly.framework",
				"${BUILT_PRODUCTS_DIR}/React/React.framework",
				"${BUILT_PRODUCTS_DIR}/glog/glog.framework",
				"${BUILT_PRODUCTS_DIR}/yoga/yoga.framework",
			);
			name = "[CP] Embed Pods Frameworks";
			outputPaths = (
				"${TARGET_BUILD_DIR}/${FRAMEWORKS_FOLDER_PATH}/DoubleConversion.framework",
				"${TARGET_BUILD_DIR}/${FRAMEWORKS_FOLDER_PATH}/folly.framework",
				"${TARGET_BUILD_DIR}/${FRAMEWORKS_FOLDER_PATH}/React.framework",
				"${TARGET_BUILD_DIR}/${FRAMEWORKS_FOLDER_PATH}/glog.framework",
				"${TARGET_BUILD_DIR}/${FRAMEWORKS_FOLDER_PATH}/yoga.framework",
			);
			runOnlyForDeploymentPostprocessing = 0;
			shellPath = /bin/sh;
			shellScript = "\"${SRCROOT}/Pods/Target Support Files/Pods-ios/Pods-ios-frameworks.sh\"\n";
			showEnvVarsInLog = 0;
		};
/* End PBXShellScriptBuildPhase section */

/* Begin PBXSourcesBuildPhase section */
		26002D5F2248EA5F00D0C862 /* Sources */ = {
			isa = PBXSourcesBuildPhase;
			buildActionMask = 2147483647;
			files = (
				26002D692248EA5F00D0C862 /* ViewController.swift in Sources */,
				26002D672248EA5F00D0C862 /* AppDelegate.swift in Sources */,
			);
			runOnlyForDeploymentPostprocessing = 0;
		};
		26002D732248EA6200D0C862 /* Sources */ = {
			isa = PBXSourcesBuildPhase;
			buildActionMask = 2147483647;
			files = (
				26002D7C2248EA6200D0C862 /* iosTests.swift in Sources */,
			);
			runOnlyForDeploymentPostprocessing = 0;
		};
		26002D7E2248EA6200D0C862 /* Sources */ = {
			isa = PBXSourcesBuildPhase;
			buildActionMask = 2147483647;
			files = (
				26002D872248EA6200D0C862 /* iosUITests.swift in Sources */,
			);
			runOnlyForDeploymentPostprocessing = 0;
		};
/* End PBXSourcesBuildPhase section */

/* Begin PBXTargetDependency section */
		26002D792248EA6200D0C862 /* PBXTargetDependency */ = {
			isa = PBXTargetDependency;
			target = 26002D622248EA5F00D0C862 /* ios */;
			targetProxy = 26002D782248EA6200D0C862 /* PBXContainerItemProxy */;
		};
		26002D842248EA6200D0C862 /* PBXTargetDependency */ = {
			isa = PBXTargetDependency;
			target = 26002D622248EA5F00D0C862 /* ios */;
			targetProxy = 26002D832248EA6200D0C862 /* PBXContainerItemProxy */;
		};
/* End PBXTargetDependency section */

/* Begin PBXVariantGroup section */
		26002D6A2248EA5F00D0C862 /* Main.storyboard */ = {
			isa = PBXVariantGroup;
			children = (
				26002D6B2248EA5F00D0C862 /* Base */,
			);
			name = Main.storyboard;
			sourceTree = "<group>";
		};
		26002D6F2248EA6200D0C862 /* LaunchScreen.storyboard */ = {
			isa = PBXVariantGroup;
			children = (
				26002D702248EA6200D0C862 /* Base */,
			);
			name = LaunchScreen.storyboard;
			sourceTree = "<group>";
		};
/* End PBXVariantGroup section */

/* Begin XCBuildConfiguration section */
		26002D892248EA6200D0C862 /* Debug */ = {
			isa = XCBuildConfiguration;
			buildSettings = {
				ALWAYS_SEARCH_USER_PATHS = NO;
				CLANG_ANALYZER_NONNULL = YES;
				CLANG_ANALYZER_NUMBER_OBJECT_CONVERSION = YES_AGGRESSIVE;
				CLANG_CXX_LANGUAGE_STANDARD = "gnu++14";
				CLANG_CXX_LIBRARY = "libc++";
				CLANG_ENABLE_MODULES = YES;
				CLANG_ENABLE_OBJC_ARC = YES;
				CLANG_ENABLE_OBJC_WEAK = YES;
				CLANG_WARN_BLOCK_CAPTURE_AUTORELEASING = YES;
				CLANG_WARN_BOOL_CONVERSION = YES;
				CLANG_WARN_COMMA = YES;
				CLANG_WARN_CONSTANT_CONVERSION = YES;
				CLANG_WARN_DEPRECATED_OBJC_IMPLEMENTATIONS = YES;
				CLANG_WARN_DIRECT_OBJC_ISA_USAGE = YES_ERROR;
				CLANG_WARN_DOCUMENTATION_COMMENTS = YES;
				CLANG_WARN_EMPTY_BODY = YES;
				CLANG_WARN_ENUM_CONVERSION = YES;
				CLANG_WARN_INFINITE_RECURSION = YES;
				CLANG_WARN_INT_CONVERSION = YES;
				CLANG_WARN_NON_LITERAL_NULL_CONVERSION = YES;
				CLANG_WARN_OBJC_IMPLICIT_RETAIN_SELF = YES;
				CLANG_WARN_OBJC_LITERAL_CONVERSION = YES;
				CLANG_WARN_OBJC_ROOT_CLASS = YES_ERROR;
				CLANG_WARN_RANGE_LOOP_ANALYSIS = YES;
				CLANG_WARN_STRICT_PROTOTYPES = YES;
				CLANG_WARN_SUSPICIOUS_MOVE = YES;
				CLANG_WARN_UNGUARDED_AVAILABILITY = YES_AGGRESSIVE;
				CLANG_WARN_UNREACHABLE_CODE = YES;
				CLANG_WARN__DUPLICATE_METHOD_MATCH = YES;
				CODE_SIGN_IDENTITY = "iPhone Developer";
				COPY_PHASE_STRIP = NO;
				DEBUG_INFORMATION_FORMAT = dwarf;
				ENABLE_STRICT_OBJC_MSGSEND = YES;
				ENABLE_TESTABILITY = YES;
				GCC_C_LANGUAGE_STANDARD = gnu11;
				GCC_DYNAMIC_NO_PIC = NO;
				GCC_NO_COMMON_BLOCKS = YES;
				GCC_OPTIMIZATION_LEVEL = 0;
				GCC_PREPROCESSOR_DEFINITIONS = (
					"DEBUG=1",
					"$(inherited)",
				);
				GCC_WARN_64_TO_32_BIT_CONVERSION = YES;
				GCC_WARN_ABOUT_RETURN_TYPE = YES_ERROR;
				GCC_WARN_UNDECLARED_SELECTOR = YES;
				GCC_WARN_UNINITIALIZED_AUTOS = YES_AGGRESSIVE;
				GCC_WARN_UNUSED_FUNCTION = YES;
				GCC_WARN_UNUSED_VARIABLE = YES;
				IPHONEOS_DEPLOYMENT_TARGET = 12.1;
				MTL_ENABLE_DEBUG_INFO = INCLUDE_SOURCE;
				MTL_FAST_MATH = YES;
				ONLY_ACTIVE_ARCH = YES;
				SDKROOT = iphoneos;
				SWIFT_ACTIVE_COMPILATION_CONDITIONS = DEBUG;
				SWIFT_OPTIMIZATION_LEVEL = "-Onone";
			};
			name = Debug;
		};
		26002D8A2248EA6200D0C862 /* Release */ = {
			isa = XCBuildConfiguration;
			buildSettings = {
				ALWAYS_SEARCH_USER_PATHS = NO;
				CLANG_ANALYZER_NONNULL = YES;
				CLANG_ANALYZER_NUMBER_OBJECT_CONVERSION = YES_AGGRESSIVE;
				CLANG_CXX_LANGUAGE_STANDARD = "gnu++14";
				CLANG_CXX_LIBRARY = "libc++";
				CLANG_ENABLE_MODULES = YES;
				CLANG_ENABLE_OBJC_ARC = YES;
				CLANG_ENABLE_OBJC_WEAK = YES;
				CLANG_WARN_BLOCK_CAPTURE_AUTORELEASING = YES;
				CLANG_WARN_BOOL_CONVERSION = YES;
				CLANG_WARN_COMMA = YES;
				CLANG_WARN_CONSTANT_CONVERSION = YES;
				CLANG_WARN_DEPRECATED_OBJC_IMPLEMENTATIONS = YES;
				CLANG_WARN_DIRECT_OBJC_ISA_USAGE = YES_ERROR;
				CLANG_WARN_DOCUMENTATION_COMMENTS = YES;
				CLANG_WARN_EMPTY_BODY = YES;
				CLANG_WARN_ENUM_CONVERSION = YES;
				CLANG_WARN_INFINITE_RECURSION = YES;
				CLANG_WARN_INT_CONVERSION = YES;
				CLANG_WARN_NON_LITERAL_NULL_CONVERSION = YES;
				CLANG_WARN_OBJC_IMPLICIT_RETAIN_SELF = YES;
				CLANG_WARN_OBJC_LITERAL_CONVERSION = YES;
				CLANG_WARN_OBJC_ROOT_CLASS = YES_ERROR;
				CLANG_WARN_RANGE_LOOP_ANALYSIS = YES;
				CLANG_WARN_STRICT_PROTOTYPES = YES;
				CLANG_WARN_SUSPICIOUS_MOVE = YES;
				CLANG_WARN_UNGUARDED_AVAILABILITY = YES_AGGRESSIVE;
				CLANG_WARN_UNREACHABLE_CODE = YES;
				CLANG_WARN__DUPLICATE_METHOD_MATCH = YES;
				CODE_SIGN_IDENTITY = "iPhone Developer";
				COPY_PHASE_STRIP = NO;
				DEBUG_INFORMATION_FORMAT = "dwarf-with-dsym";
				ENABLE_NS_ASSERTIONS = NO;
				ENABLE_STRICT_OBJC_MSGSEND = YES;
				GCC_C_LANGUAGE_STANDARD = gnu11;
				GCC_NO_COMMON_BLOCKS = YES;
				GCC_WARN_64_TO_32_BIT_CONVERSION = YES;
				GCC_WARN_ABOUT_RETURN_TYPE = YES_ERROR;
				GCC_WARN_UNDECLARED_SELECTOR = YES;
				GCC_WARN_UNINITIALIZED_AUTOS = YES_AGGRESSIVE;
				GCC_WARN_UNUSED_FUNCTION = YES;
				GCC_WARN_UNUSED_VARIABLE = YES;
				IPHONEOS_DEPLOYMENT_TARGET = 12.1;
				MTL_ENABLE_DEBUG_INFO = NO;
				MTL_FAST_MATH = YES;
				SDKROOT = iphoneos;
				SWIFT_COMPILATION_MODE = wholemodule;
				SWIFT_OPTIMIZATION_LEVEL = "-O";
				VALIDATE_PRODUCT = YES;
			};
			name = Release;
		};
		26002D8C2248EA6200D0C862 /* Debug */ = {
			isa = XCBuildConfiguration;
			baseConfigurationReference = EF153F934A1C7DADCBE7D894 /* Pods-ios.debug.xcconfig */;
			buildSettings = {
				ASSETCATALOG_COMPILER_APPICON_NAME = AppIcon;
				CODE_SIGN_STYLE = Automatic;
				DEVELOPMENT_TEAM = AJ86YNM85H;
				INFOPLIST_FILE = ios/Info.plist;
				LD_RUNPATH_SEARCH_PATHS = (
					"$(inherited)",
					"@executable_path/Frameworks",
				);
				PRODUCT_BUNDLE_IDENTIFIER = com.test.ios;
				PRODUCT_NAME = "$(TARGET_NAME)";
				SWIFT_VERSION = 4.2;
				TARGETED_DEVICE_FAMILY = "1,2";
			};
			name = Debug;
		};
		26002D8D2248EA6200D0C862 /* Release */ = {
			isa = XCBuildConfiguration;
			baseConfigurationReference = 1E40891CD86CCC8839112F67 /* Pods-ios.release.xcconfig */;
			buildSettings = {
				ASSETCATALOG_COMPILER_APPICON_NAME = AppIcon;
				CODE_SIGN_STYLE = Automatic;
				DEVELOPMENT_TEAM = AJ86YNM85H;
				INFOPLIST_FILE = ios/Info.plist;
				LD_RUNPATH_SEARCH_PATHS = (
					"$(inherited)",
					"@executable_path/Frameworks",
				);
				PRODUCT_BUNDLE_IDENTIFIER = com.test.ios;
				PRODUCT_NAME = "$(TARGET_NAME)";
				SWIFT_VERSION = 4.2;
				TARGETED_DEVICE_FAMILY = "1,2";
			};
			name = Release;
		};
		26002D8F2248EA6200D0C862 /* Debug */ = {
			isa = XCBuildConfiguration;
			baseConfigurationReference = BE4CAB4093B7F01F29B668B2 /* Pods-iosTests.debug.xcconfig */;
			buildSettings = {
				ALWAYS_EMBED_SWIFT_STANDARD_LIBRARIES = YES;
				BUNDLE_LOADER = "$(TEST_HOST)";
				CODE_SIGN_STYLE = Automatic;
				DEVELOPMENT_TEAM = AJ86YNM85H;
				INFOPLIST_FILE = iosTests/Info.plist;
				LD_RUNPATH_SEARCH_PATHS = (
					"$(inherited)",
					"@executable_path/Frameworks",
					"@loader_path/Frameworks",
				);
				PRODUCT_BUNDLE_IDENTIFIER = com.test.iosTests;
				PRODUCT_NAME = "$(TARGET_NAME)";
				SWIFT_VERSION = 4.2;
				TARGETED_DEVICE_FAMILY = "1,2";
				TEST_HOST = "$(BUILT_PRODUCTS_DIR)/ios.app/ios";
			};
			name = Debug;
		};
		26002D902248EA6200D0C862 /* Release */ = {
			isa = XCBuildConfiguration;
			baseConfigurationReference = 0FE6B03D9B994F8219034946 /* Pods-iosTests.release.xcconfig */;
			buildSettings = {
				ALWAYS_EMBED_SWIFT_STANDARD_LIBRARIES = YES;
				BUNDLE_LOADER = "$(TEST_HOST)";
				CODE_SIGN_STYLE = Automatic;
				DEVELOPMENT_TEAM = AJ86YNM85H;
				INFOPLIST_FILE = iosTests/Info.plist;
				LD_RUNPATH_SEARCH_PATHS = (
					"$(inherited)",
					"@executable_path/Frameworks",
					"@loader_path/Frameworks",
				);
				PRODUCT_BUNDLE_IDENTIFIER = com.test.iosTests;
				PRODUCT_NAME = "$(TARGET_NAME)";
				SWIFT_VERSION = 4.2;
				TARGETED_DEVICE_FAMILY = "1,2";
				TEST_HOST = "$(BUILT_PRODUCTS_DIR)/ios.app/ios";
			};
			name = Release;
		};
		26002D922248EA6200D0C862 /* Debug */ = {
			isa = XCBuildConfiguration;
			baseConfigurationReference = 80B3632A6142BE6FB7C95423 /* Pods-iosUITests.debug.xcconfig */;
			buildSettings = {
				ALWAYS_EMBED_SWIFT_STANDARD_LIBRARIES = YES;
				CODE_SIGN_STYLE = Automatic;
				DEVELOPMENT_TEAM = AJ86YNM85H;
				INFOPLIST_FILE = iosUITests/Info.plist;
				LD_RUNPATH_SEARCH_PATHS = (
					"$(inherited)",
					"@executable_path/Frameworks",
					"@loader_path/Frameworks",
				);
				PRODUCT_BUNDLE_IDENTIFIER = com.test.iosUITests;
				PRODUCT_NAME = "$(TARGET_NAME)";
				SWIFT_VERSION = 4.2;
				TARGETED_DEVICE_FAMILY = "1,2";
				TEST_TARGET_NAME = ios;
			};
			name = Debug;
		};
		26002D932248EA6200D0C862 /* Release */ = {
			isa = XCBuildConfiguration;
			baseConfigurationReference = EEF180D1DDCA719E74484945 /* Pods-iosUITests.release.xcconfig */;
			buildSettings = {
				ALWAYS_EMBED_SWIFT_STANDARD_LIBRARIES = YES;
				CODE_SIGN_STYLE = Automatic;
				DEVELOPMENT_TEAM = AJ86YNM85H;
				INFOPLIST_FILE = iosUITests/Info.plist;
				LD_RUNPATH_SEARCH_PATHS = (
					"$(inherited)",
					"@executable_path/Frameworks",
					"@loader_path/Frameworks",
				);
				PRODUCT_BUNDLE_IDENTIFIER = com.test.iosUITests;
				PRODUCT_NAME = "$(TARGET_NAME)";
				SWIFT_VERSION = 4.2;
				TARGETED_DEVICE_FAMILY = "1,2";
				TEST_TARGET_NAME = ios;
			};
			name = Release;
		};
/* End XCBuildConfiguration section */

/* Begin XCConfigurationList section */
		26002D5E2248EA5F00D0C862 /* Build configuration list for PBXProject "ios" */ = {
			isa = XCConfigurationList;
			buildConfigurations = (
				26002D892248EA6200D0C862 /* Debug */,
				26002D8A2248EA6200D0C862 /* Release */,
			);
			defaultConfigurationIsVisible = 0;
			defaultConfigurationName = Release;
		};
		26002D8B2248EA6200D0C862 /* Build configuration list for PBXNativeTarget "ios" */ = {
			isa = XCConfigurationList;
			buildConfigurations = (
				26002D8C2248EA6200D0C862 /* Debug */,
				26002D8D2248EA6200D0C862 /* Release */,
			);
			defaultConfigurationIsVisible = 0;
			defaultConfigurationName = Release;
		};
		26002D8E2248EA6200D0C862 /* Build configuration list for PBXNativeTarget "iosTests" */ = {
			isa = XCConfigurationList;
			buildConfigurations = (
				26002D8F2248EA6200D0C862 /* Debug */,
				26002D902248EA6200D0C862 /* Release */,
			);
			defaultConfigurationIsVisible = 0;
			defaultConfigurationName = Release;
		};
		26002D912248EA6200D0C862 /* Build configuration list for PBXNativeTarget "iosUITests" */ = {
			isa = XCConfigurationList;
			buildConfigurations = (
				26002D922248EA6200D0C862 /* Debug */,
				26002D932248EA6200D0C862 /* Release */,
			);
			defaultConfigurationIsVisible = 0;
			defaultConfigurationName = Release;
		};
/* End XCConfigurationList section */
	};
	rootObject = 26002D5B2248EA5F00D0C862 /* Project object */;
}
